
Microsoft Visual Studio Solution File, Format Version 12.00
# Visual Studio Version 16
VisualStudioVersion = 16.0.31410.357
MinimumVisualStudioVersion = 10.0.40219.1
Project("{2150E333-8FDC-42A3-9474-1A3956D46DE8}") = "Services", "Services", "{4F1C4F34-CC91-4F55-873F-D06444E6D10C}"
EndProject
Project("{2150E333-8FDC-42A3-9474-1A3956D46DE8}") = "Catalog", "Catalog", "{01DAC6D8-FE9F-4C8B-A28F-4F6B7B792C13}"
EndProject
Project("{9A19103F-16F7-4668-BE54-9A1E7A4F7556}") = "Catalog.API", "Service\Catalog\Catalog.API\Catalog.API.csproj", "{ED7982BB-0FA2-40EE-8AA6-B40EA29BADF3}"
EndProject
Project("{E53339B2-1760-4266-BCC7-CA923CBCF16C}") = "docker-compose", "docker-compose.dcproj", "{150815C7-7991-4731-BFD9-2E08BBC3EAAA}"
EndProject
Project("{2150E333-8FDC-42A3-9474-1A3956D46DE8}") = "Basket", "Basket", "{E96F7498-2E73-46C0-8E10-8A6890F808CE}"
EndProject
Project("{9A19103F-16F7-4668-BE54-9A1E7A4F7556}") = "Basket.API", "Service\Basket\Basket.API\Basket.API.csproj", "{E6D88766-31C9-47B2-BD57-ACA3D74DBC93}"
EndProject
Project("{2150E333-8FDC-42A3-9474-1A3956D46DE8}") = "Discount", "Discount", "{9A5C9584-1C33-4FA7-A3DB-7AC96D11369C}"
EndProject
Project("{9A19103F-16F7-4668-BE54-9A1E7A4F7556}") = "Discount.API", "Service\Discount\Discount.API\Discount.API.csproj", "{568A05A8-60CE-4F88-B2D7-0301187AC42F}"
EndProject
Project("{9A19103F-16F7-4668-BE54-9A1E7A4F7556}") = "Discount.Grpc", "Service\Discount\Discount.Grpc\Discount.Grpc.csproj", "{9DA75666-0A59-4ADF-B3E2-6FC0928C3E95}"
EndProject
Project("{2150E333-8FDC-42A3-9474-1A3956D46DE8}") = "Ordering", "Ordering", "{9C583758-51FE-4493-974E-12701E0CF8C1}"
EndProject
Project("{9A19103F-16F7-4668-BE54-9A1E7A4F7556}") = "Ordering.API", "Service\Ordering\Ordering.API\Ordering.API.csproj", "{B22D0438-7A46-42EE-A762-C313D9D7A675}"
EndProject
Project("{9A19103F-16F7-4668-BE54-9A1E7A4F7556}") = "Ordering.Domain", "Service\Ordering\Ordering.Domain\Ordering.Domain.csproj", "{541C948F-208E-4AE5-A4AF-90BBCDC60F7B}"
EndProject
Project("{9A19103F-16F7-4668-BE54-9A1E7A4F7556}") = "Ordering.Application", "Service\Ordering\Ordering.Application\Ordering.Application.csproj", "{1E501B86-5123-42AC-AC09-41DB7F672A0B}"
EndProject
Project("{9A19103F-16F7-4668-BE54-9A1E7A4F7556}") = "Ordering.Infrastructure", "Service\Ordering\Ordering.Infrastructure\Ordering.Infrastructure.csproj", "{E98605D3-2B5E-4FD7-B012-DB15FF8DB6A1}"
EndProject
Project("{2150E333-8FDC-42A3-9474-1A3956D46DE8}") = "BuildingBlocks", "BuildingBlocks", "{1DF5050D-5581-4717-92D7-8BC5845B4BD7}"
EndProject
Project("{9A19103F-16F7-4668-BE54-9A1E7A4F7556}") = "EventBus.Messages", "BuildingBlocks\EventBus.Messages\EventBus.Messages.csproj", "{E4225D97-A034-40A9-9559-ACC839F40B41}"
EndProject
Project("{2150E333-8FDC-42A3-9474-1A3956D46DE8}") = "ApiGateways", "ApiGateways", "{54FC940B-B5EB-42A3-9A76-2F4DA3700CCB}"
EndProject
Project("{FAE04EC0-301F-11D3-BF4B-00C04F79EFBC}") = "OcelotApiGw", "ApiGateways\OcelotApiGw\OcelotApiGw.csproj", "{4B5EFC24-F4E4-4B7C-9B19-C1CC96AC021F}"
EndProject
Global
	GlobalSection(SolutionConfigurationPlatforms) = preSolution
		Debug|Any CPU = Debug|Any CPU
		Release|Any CPU = Release|Any CPU
	EndGlobalSection
	GlobalSection(ProjectConfigurationPlatforms) = postSolution
		{ED7982BB-0FA2-40EE-8AA6-B40EA29BADF3}.Debug|Any CPU.ActiveCfg = Debug|Any CPU
		{ED7982BB-0FA2-40EE-8AA6-B40EA29BADF3}.Debug|Any CPU.Build.0 = Debug|Any CPU
		{ED7982BB-0FA2-40EE-8AA6-B40EA29BADF3}.Release|Any CPU.ActiveCfg = Release|Any CPU
		{ED7982BB-0FA2-40EE-8AA6-B40EA29BADF3}.Release|Any CPU.Build.0 = Release|Any CPU
		{150815C7-7991-4731-BFD9-2E08BBC3EAAA}.Debug|Any CPU.ActiveCfg = Debug|Any CPU
		{150815C7-7991-4731-BFD9-2E08BBC3EAAA}.Debug|Any CPU.Build.0 = Debug|Any CPU
		{150815C7-7991-4731-BFD9-2E08BBC3EAAA}.Release|Any CPU.ActiveCfg = Release|Any CPU
		{150815C7-7991-4731-BFD9-2E08BBC3EAAA}.Release|Any CPU.Build.0 = Release|Any CPU
		{E6D88766-31C9-47B2-BD57-ACA3D74DBC93}.Debug|Any CPU.ActiveCfg = Debug|Any CPU
		{E6D88766-31C9-47B2-BD57-ACA3D74DBC93}.Debug|Any CPU.Build.0 = Debug|Any CPU
		{E6D88766-31C9-47B2-BD57-ACA3D74DBC93}.Release|Any CPU.ActiveCfg = Release|Any CPU
		{E6D88766-31C9-47B2-BD57-ACA3D74DBC93}.Release|Any CPU.Build.0 = Release|Any CPU
		{568A05A8-60CE-4F88-B2D7-0301187AC42F}.Debug|Any CPU.ActiveCfg = Debug|Any CPU
		{568A05A8-60CE-4F88-B2D7-0301187AC42F}.Debug|Any CPU.Build.0 = Debug|Any CPU
		{568A05A8-60CE-4F88-B2D7-0301187AC42F}.Release|Any CPU.ActiveCfg = Release|Any CPU
		{568A05A8-60CE-4F88-B2D7-0301187AC42F}.Release|Any CPU.Build.0 = Release|Any CPU
		{9DA75666-0A59-4ADF-B3E2-6FC0928C3E95}.Debug|Any CPU.ActiveCfg = Debug|Any CPU
		{9DA75666-0A59-4ADF-B3E2-6FC0928C3E95}.Debug|Any CPU.Build.0 = Debug|Any CPU
		{9DA75666-0A59-4ADF-B3E2-6FC0928C3E95}.Release|Any CPU.ActiveCfg = Release|Any CPU
		{9DA75666-0A59-4ADF-B3E2-6FC0928C3E95}.Release|Any CPU.Build.0 = Release|Any CPU
		{B22D0438-7A46-42EE-A762-C313D9D7A675}.Debug|Any CPU.ActiveCfg = Debug|Any CPU
		{B22D0438-7A46-42EE-A762-C313D9D7A675}.Debug|Any CPU.Build.0 = Debug|Any CPU
		{B22D0438-7A46-42EE-A762-C313D9D7A675}.Release|Any CPU.ActiveCfg = Release|Any CPU
		{B22D0438-7A46-42EE-A762-C313D9D7A675}.Release|Any CPU.Build.0 = Release|Any CPU
		{541C948F-208E-4AE5-A4AF-90BBCDC60F7B}.Debug|Any CPU.ActiveCfg = Debug|Any CPU
		{541C948F-208E-4AE5-A4AF-90BBCDC60F7B}.Debug|Any CPU.Build.0 = Debug|Any CPU
		{541C948F-208E-4AE5-A4AF-90BBCDC60F7B}.Release|Any CPU.ActiveCfg = Release|Any CPU
		{541C948F-208E-4AE5-A4AF-90BBCDC60F7B}.Release|Any CPU.Build.0 = Release|Any CPU
		{1E501B86-5123-42AC-AC09-41DB7F672A0B}.Debug|Any CPU.ActiveCfg = Debug|Any CPU
		{1E501B86-5123-42AC-AC09-41DB7F672A0B}.Debug|Any CPU.Build.0 = Debug|Any CPU
		{1E501B86-5123-42AC-AC09-41DB7F672A0B}.Release|Any CPU.ActiveCfg = Release|Any CPU
		{1E501B86-5123-42AC-AC09-41DB7F672A0B}.Release|Any CPU.Build.0 = Release|Any CPU
		{E98605D3-2B5E-4FD7-B012-DB15FF8DB6A1}.Debug|Any CPU.ActiveCfg = Debug|Any CPU
		{E98605D3-2B5E-4FD7-B012-DB15FF8DB6A1}.Debug|Any CPU.Build.0 = Debug|Any CPU
		{E98605D3-2B5E-4FD7-B012-DB15FF8DB6A1}.Release|Any CPU.ActiveCfg = Release|Any CPU
		{E98605D3-2B5E-4FD7-B012-DB15FF8DB6A1}.Release|Any CPU.Build.0 = Release|Any CPU
		{E4225D97-A034-40A9-9559-ACC839F40B41}.Debug|Any CPU.ActiveCfg = Debug|Any CPU
		{E4225D97-A034-40A9-9559-ACC839F40B41}.Debug|Any CPU.Build.0 = Debug|Any CPU
		{E4225D97-A034-40A9-9559-ACC839F40B41}.Release|Any CPU.ActiveCfg = Release|Any CPU
		{E4225D97-A034-40A9-9559-ACC839F40B41}.Release|Any CPU.Build.0 = Release|Any CPU
		{4B5EFC24-F4E4-4B7C-9B19-C1CC96AC021F}.Debug|Any CPU.ActiveCfg = Debug|Any CPU
		{4B5EFC24-F4E4-4B7C-9B19-C1CC96AC021F}.Debug|Any CPU.Build.0 = Debug|Any CPU
		{4B5EFC24-F4E4-4B7C-9B19-C1CC96AC021F}.Release|Any CPU.ActiveCfg = Release|Any CPU
		{4B5EFC24-F4E4-4B7C-9B19-C1CC96AC021F}.Release|Any CPU.Build.0 = Release|Any CPU
	EndGlobalSection
	GlobalSection(SolutionProperties) = preSolution
		HideSolutionNode = FALSE
	EndGlobalSection
	GlobalSection(NestedProjects) = preSolution
		{01DAC6D8-FE9F-4C8B-A28F-4F6B7B792C13} = {4F1C4F34-CC91-4F55-873F-D06444E6D10C}
		{ED7982BB-0FA2-40EE-8AA6-B40EA29BADF3} = {01DAC6D8-FE9F-4C8B-A28F-4F6B7B792C13}
		{E96F7498-2E73-46C0-8E10-8A6890F808CE} = {4F1C4F34-CC91-4F55-873F-D06444E6D10C}
		{E6D88766-31C9-47B2-BD57-ACA3D74DBC93} = {E96F7498-2E73-46C0-8E10-8A6890F808CE}
		{9A5C9584-1C33-4FA7-A3DB-7AC96D11369C} = {4F1C4F34-CC91-4F55-873F-D06444E6D10C}
		{568A05A8-60CE-4F88-B2D7-0301187AC42F} = {9A5C9584-1C33-4FA7-A3DB-7AC96D11369C}
		{9DA75666-0A59-4ADF-B3E2-6FC0928C3E95} = {9A5C9584-1C33-4FA7-A3DB-7AC96D11369C}
		{9C583758-51FE-4493-974E-12701E0CF8C1} = {4F1C4F34-CC91-4F55-873F-D06444E6D10C}
		{B22D0438-7A46-42EE-A762-C313D9D7A675} = {9C583758-51FE-4493-974E-12701E0CF8C1}
		{541C948F-208E-4AE5-A4AF-90BBCDC60F7B} = {9C583758-51FE-4493-974E-12701E0CF8C1}
		{1E501B86-5123-42AC-AC09-41DB7F672A0B} = {9C583758-51FE-4493-974E-12701E0CF8C1}
		{E98605D3-2B5E-4FD7-B012-DB15FF8DB6A1} = {9C583758-51FE-4493-974E-12701E0CF8C1}
		{E4225D97-A034-40A9-9559-ACC839F40B41} = {1DF5050D-5581-4717-92D7-8BC5845B4BD7}
		{4B5EFC24-F4E4-4B7C-9B19-C1CC96AC021F} = {54FC940B-B5EB-42A3-9A76-2F4DA3700CCB}
	EndGlobalSection
	GlobalSection(ExtensibilityGlobals) = postSolution
		SolutionGuid = {1F2063E2-C154-404B-A59E-72F67772F154}
	EndGlobalSection
EndGlobal
